{
  "name": "node-flif",
  "version": "0.2.0",
  "lockfileVersion": 1,
  "requires": true,
  "dependencies": {
    "flif-wasm": {
      "version": "1.0.7",
      "resolved": "https://registry.npmjs.org/flif-wasm/-/flif-wasm-1.0.7.tgz",
      "integrity": "sha512-1rQAxXd9sUxmGcfGzzrizH3PE1LylQEgKP4QdTNhUu3EiPEy1flzqFYu9/VjNp19KprCmqkgxR+uy0D11y7guQ=="
    },
    "packpath": {
      "version": "0.1.0",
      "resolved": "https://registry.npmjs.org/packpath/-/packpath-0.1.0.tgz",
      "integrity": "sha1-pSFTQiLf6qnGEu8MZA7DmRSezdg="
    },
    "root-require": {
      "version": "0.3.1",
      "resolved": "https://registry.npmjs.org/root-require/-/root-require-0.3.1.tgz",
      "integrity": "sha1-leFVTWPMhpoqvePjv8m7qqHtrNM=",
      "requires": {
        "packpath": "0.1.0"
      }
    }
  }
}
